schema: '2.0'
stages:
  process-data:
    cmd: matlab -batch "run('scripts/collect_data.m');"
    deps:
    - path: scripts/collect_data.m
      hash: md5
      md5: 2da834907ab6124dd599bff06d6a3b66
      size: 123
    outs:
    - path: data/raw/data.parquet
      hash: md5
      md5: 0b2be6aa89192942ea0e1263f9f7e55c
      size: 384
  plot-data:
    cmd: matlab -noFigureWindows -batch "run('scripts/plot_data.m');"
    deps:
    - path: data/raw/data.parquet
      hash: md5
      md5: 7d4fadae29fbf5fdf9eedc81a9f0cc9e
      size: 9853
    - path: scripts/plot_data.m
      hash: md5
      md5: 29dae006c5f4d5a29a8b0ee150adf945
      size: 169
    outs:
    - path: figures/plot.png
      hash: md5
      md5: e5cc5695daea85263a1afe0c26e87529
      size: 22268
  collect-data:
    cmd: matlab -batch "run('scripts/collect_data.m');"
    deps:
    - path: scripts/collect_data.m
      hash: md5
      md5: 2f8b10c1bed030b42cbca5c50cb15063
      size: 146
    outs:
    - path: data/raw/data.parquet
      hash: md5
      md5: 7d4fadae29fbf5fdf9eedc81a9f0cc9e
      size: 9853
  plot-data-py:
    cmd: calkit runenv -n py python scripts/plot-data.py
    deps:
    - path: data/raw/data.parquet
      hash: md5
      md5: 7d4fadae29fbf5fdf9eedc81a9f0cc9e
      size: 9853
    - path: scripts/plot-data.py
      hash: md5
      md5: 0ce6752808f4907a8230883f12fc37f5
      size: 199
    outs:
    - path: figures/plot-py.png
      hash: md5
      md5: 7edf9f2092699e87cc6abd108c50ce6a
      size: 48689
